{
  "name": "radar-chart-pokemon-base-stats",
  "version": "1.0.0",
  "lockfileVersion": 2,
  "requires": true,
  "packages": {
    "": {
      "version": "1.0.0",
      "license": "ISC",
      "dependencies": {
        "chart.js": "^3.1.1"
      }
    },
    "node_modules/chart.js": {
      "version": "3.1.1",
      "resolved": "https://registry.npmjs.org/chart.js/-/chart.js-3.1.1.tgz",
      "integrity": "sha512-ghNJersc9VD9MECwa5bL8gqvCkndW6RSCicdEHL9lIriNtXwKawlSmwo+u6KNXLYT2+f24GdFPBoynKW3ke4MQ=="
    }
  },
  "dependencies": {
    "chart.js": {
      "version": "3.1.1",
      "resolved": "https://registry.npmjs.org/chart.js/-/chart.js-3.1.1.tgz",
      "integrity": "sha512-ghNJersc9VD9MECwa5bL8gqvCkndW6RSCicdEHL9lIriNtXwKawlSmwo+u6KNXLYT2+f24GdFPBoynKW3ke4MQ=="
    }
  }
}
